
Microsoft Visual Studio Solution File, Format Version 12.00
# Visual Studio Version 16
VisualStudioVersion = 16.0.30907.101
MinimumVisualStudioVersion = 10.0.40219.1
Project("{9A19103F-16F7-4668-BE54-9A1E7A4F7556}") = "layer_1", "layer_1\layer_1.csproj", "{1BC7EB9C-5BF1-4BFC-B0FA-456BDF21991C}"
EndProject
Project("{9A19103F-16F7-4668-BE54-9A1E7A4F7556}") = "layer_0", "layer_0\layer_0.csproj", "{FC08E647-8C42-45B6-B584-B29DE6CAE826}"
EndProject
Project("{9A19103F-16F7-4668-BE54-9A1E7A4F7556}") = "layer_2", "layer_2\layer_2.csproj", "{A066F6D7-D21D-429C-91EB-66BE23110BF9}"
EndProject
Project("{9A19103F-16F7-4668-BE54-9A1E7A4F7556}") = "layer_3", "layer_3\layer_3.csproj", "{95C5766F-7407-459B-A90C-1E48BB535E1D}"
EndProject
Project("{9A19103F-16F7-4668-BE54-9A1E7A4F7556}") = "z_x_center", "z_x_center\z_x_center.csproj", "{9C2DB2D0-9E7D-444E-A055-12A7B4B19AB3}"
EndProject
Project("{9A19103F-16F7-4668-BE54-9A1E7A4F7556}") = "layer_x", "layer_x\layer_x.csproj", "{CCD66447-DC7B-438C-99E5-E62C3FF86DD7}"
EndProject
Project("{9A19103F-16F7-4668-BE54-9A1E7A4F7556}") = "z_x_user", "z_x_user\z_x_user.csproj", "{1E792685-E11B-4F84-B684-969AD2BEE976}"
EndProject
Project("{9A19103F-16F7-4668-BE54-9A1E7A4F7556}") = "skeleton", "skeleton\skeleton.csproj", "{6D1D68F3-2734-4BBF-BC3E-1150F03CD655}"
EndProject
Project("{FAE04EC0-301F-11D3-BF4B-00C04F79EFBC}") = "z_x_app", "z_x_app\z_x_app.csproj", "{EED79219-7131-4ACC-87FA-EE4B5B864988}"
EndProject
Global
	GlobalSection(SolutionConfigurationPlatforms) = preSolution
		Debug|Any CPU = Debug|Any CPU
		Release|Any CPU = Release|Any CPU
	EndGlobalSection
	GlobalSection(ProjectConfigurationPlatforms) = postSolution
		{1BC7EB9C-5BF1-4BFC-B0FA-456BDF21991C}.Debug|Any CPU.ActiveCfg = Debug|Any CPU
		{1BC7EB9C-5BF1-4BFC-B0FA-456BDF21991C}.Debug|Any CPU.Build.0 = Debug|Any CPU
		{1BC7EB9C-5BF1-4BFC-B0FA-456BDF21991C}.Release|Any CPU.ActiveCfg = Release|Any CPU
		{1BC7EB9C-5BF1-4BFC-B0FA-456BDF21991C}.Release|Any CPU.Build.0 = Release|Any CPU
		{FC08E647-8C42-45B6-B584-B29DE6CAE826}.Debug|Any CPU.ActiveCfg = Debug|Any CPU
		{FC08E647-8C42-45B6-B584-B29DE6CAE826}.Debug|Any CPU.Build.0 = Debug|Any CPU
		{FC08E647-8C42-45B6-B584-B29DE6CAE826}.Release|Any CPU.ActiveCfg = Release|Any CPU
		{FC08E647-8C42-45B6-B584-B29DE6CAE826}.Release|Any CPU.Build.0 = Release|Any CPU
		{A066F6D7-D21D-429C-91EB-66BE23110BF9}.Debug|Any CPU.ActiveCfg = Debug|Any CPU
		{A066F6D7-D21D-429C-91EB-66BE23110BF9}.Debug|Any CPU.Build.0 = Debug|Any CPU
		{A066F6D7-D21D-429C-91EB-66BE23110BF9}.Release|Any CPU.ActiveCfg = Release|Any CPU
		{A066F6D7-D21D-429C-91EB-66BE23110BF9}.Release|Any CPU.Build.0 = Release|Any CPU
		{95C5766F-7407-459B-A90C-1E48BB535E1D}.Debug|Any CPU.ActiveCfg = Debug|Any CPU
		{95C5766F-7407-459B-A90C-1E48BB535E1D}.Debug|Any CPU.Build.0 = Debug|Any CPU
		{95C5766F-7407-459B-A90C-1E48BB535E1D}.Release|Any CPU.ActiveCfg = Release|Any CPU
		{95C5766F-7407-459B-A90C-1E48BB535E1D}.Release|Any CPU.Build.0 = Release|Any CPU
		{9C2DB2D0-9E7D-444E-A055-12A7B4B19AB3}.Debug|Any CPU.ActiveCfg = Debug|Any CPU
		{9C2DB2D0-9E7D-444E-A055-12A7B4B19AB3}.Debug|Any CPU.Build.0 = Debug|Any CPU
		{9C2DB2D0-9E7D-444E-A055-12A7B4B19AB3}.Release|Any CPU.ActiveCfg = Release|Any CPU
		{9C2DB2D0-9E7D-444E-A055-12A7B4B19AB3}.Release|Any CPU.Build.0 = Release|Any CPU
		{CCD66447-DC7B-438C-99E5-E62C3FF86DD7}.Debug|Any CPU.ActiveCfg = Debug|Any CPU
		{CCD66447-DC7B-438C-99E5-E62C3FF86DD7}.Debug|Any CPU.Build.0 = Debug|Any CPU
		{CCD66447-DC7B-438C-99E5-E62C3FF86DD7}.Release|Any CPU.ActiveCfg = Release|Any CPU
		{CCD66447-DC7B-438C-99E5-E62C3FF86DD7}.Release|Any CPU.Build.0 = Release|Any CPU
		{1E792685-E11B-4F84-B684-969AD2BEE976}.Debug|Any CPU.ActiveCfg = Debug|Any CPU
		{1E792685-E11B-4F84-B684-969AD2BEE976}.Debug|Any CPU.Build.0 = Debug|Any CPU
		{1E792685-E11B-4F84-B684-969AD2BEE976}.Release|Any CPU.ActiveCfg = Release|Any CPU
		{1E792685-E11B-4F84-B684-969AD2BEE976}.Release|Any CPU.Build.0 = Release|Any CPU
		{6D1D68F3-2734-4BBF-BC3E-1150F03CD655}.Debug|Any CPU.ActiveCfg = Debug|Any CPU
		{6D1D68F3-2734-4BBF-BC3E-1150F03CD655}.Debug|Any CPU.Build.0 = Debug|Any CPU
		{6D1D68F3-2734-4BBF-BC3E-1150F03CD655}.Release|Any CPU.ActiveCfg = Release|Any CPU
		{6D1D68F3-2734-4BBF-BC3E-1150F03CD655}.Release|Any CPU.Build.0 = Release|Any CPU
		{EED79219-7131-4ACC-87FA-EE4B5B864988}.Debug|Any CPU.ActiveCfg = Debug|Any CPU
		{EED79219-7131-4ACC-87FA-EE4B5B864988}.Debug|Any CPU.Build.0 = Debug|Any CPU
		{EED79219-7131-4ACC-87FA-EE4B5B864988}.Release|Any CPU.ActiveCfg = Release|Any CPU
		{EED79219-7131-4ACC-87FA-EE4B5B864988}.Release|Any CPU.Build.0 = Release|Any CPU
	EndGlobalSection
	GlobalSection(SolutionProperties) = preSolution
		HideSolutionNode = FALSE
	EndGlobalSection
	GlobalSection(ExtensibilityGlobals) = postSolution
		SolutionGuid = {AC7C79B5-853B-4C76-A81A-1F90BA660884}
	EndGlobalSection
EndGlobal
